<Solution>
  <Folder Name="/Solution Items/">
    <File Path="text.txt" />
  </Folder>
  <Project Path="HRManagement.API/HRManagement.API.csproj" />
  <Project Path="HRManagement.Application/HRManagement.Application.csproj" />
  <Project Path="HRManagement.Domain/HRManagement.Domain.csproj" />
  <Project Path="HRManagement.Infrastructure/HRManagement.Infrastructure.csproj" />
</Solution>
